
Microsoft Visual Studio Solution File, Format Version 12.00
# Visual Studio Version 17
VisualStudioVersion = 17.5.33414.496
MinimumVisualStudioVersion = 10.0.40219.1
Project("{FAE04EC0-301F-11D3-BF4B-00C04F79EFBC}") = "Calculator", "Calculator\Calculator.csproj", "{722DDB5C-B151-4D1F-9C33-A0975D8121C1}"
EndProject
Project("{FAE04EC0-301F-11D3-BF4B-00C04F79EFBC}") = "NguyenNamGiang_0194", "NguyenNamGiang_0194\NguyenNamGiang_0194.csproj", "{000BC47F-D7E1-4541-8B81-0A2A6BE569A1}"
EndProject
Global
	GlobalSection(SolutionConfigurationPlatforms) = preSolution
		Debug|Any CPU = Debug|Any CPU
		Release|Any CPU = Release|Any CPU
	EndGlobalSection
	GlobalSection(ProjectConfigurationPlatforms) = postSolution
		{722DDB5C-B151-4D1F-9C33-A0975D8121C1}.Debug|Any CPU.ActiveCfg = Debug|Any CPU
		{722DDB5C-B151-4D1F-9C33-A0975D8121C1}.Debug|Any CPU.Build.0 = Debug|Any CPU
		{722DDB5C-B151-4D1F-9C33-A0975D8121C1}.Release|Any CPU.ActiveCfg = Release|Any CPU
		{722DDB5C-B151-4D1F-9C33-A0975D8121C1}.Release|Any CPU.Build.0 = Release|Any CPU
		{000BC47F-D7E1-4541-8B81-0A2A6BE569A1}.Debug|Any CPU.ActiveCfg = Debug|Any CPU
		{000BC47F-D7E1-4541-8B81-0A2A6BE569A1}.Debug|Any CPU.Build.0 = Debug|Any CPU
		{000BC47F-D7E1-4541-8B81-0A2A6BE569A1}.Release|Any CPU.ActiveCfg = Release|Any CPU
		{000BC47F-D7E1-4541-8B81-0A2A6BE569A1}.Release|Any CPU.Build.0 = Release|Any CPU
	EndGlobalSection
	GlobalSection(SolutionProperties) = preSolution
		HideSolutionNode = FALSE
	EndGlobalSection
	GlobalSection(ExtensibilityGlobals) = postSolution
		SolutionGuid = {CD0B84E1-E343-44A4-99E2-4FF4F9421947}
	EndGlobalSection
EndGlobal
